// !$*UTF8*$!
{
	archiveVersion = 1;
	classes = {
	};
	objectVersion = 46;
	objects = {

/* Begin PBXBuildFile section */
		77BE078317FEF240002748D9 /* Cocoa.framework in Frameworks */ = {isa = PBXBuildFile; fileRef = 77BE078217FEF240002748D9 /* Cocoa.framework */; };
		77BE078D17FEF240002748D9 /* InfoPlist.strings in Resources */ = {isa = PBXBuildFile; fileRef = 77BE078B17FEF240002748D9 /* InfoPlist.strings */; };
		77BE078F17FEF240002748D9 /* main.m in Sources */ = {isa = PBXBuildFile; fileRef = 77BE078E17FEF240002748D9 /* main.m */; };
		77BE079317FEF240002748D9 /* Credits.rtf in Resources */ = {isa = PBXBuildFile; fileRef = 77BE079117FEF240002748D9 /* Credits.rtf */; };
		77BE079617FEF240002748D9 /* LADAppDelegate.m in Sources */ = {isa = PBXBuildFile; fileRef = 77BE079517FEF240002748D9 /* LADAppDelegate.m */; };
		77BE079917FEF241002748D9 /* MainMenu.xib in Resources */ = {isa = PBXBuildFile; fileRef = 77BE079717FEF241002748D9 /* MainMenu.xib */; };
		77BE07A117FEF241002748D9 /* SenTestingKit.framework in Frameworks */ = {isa = PBXBuildFile; fileRef = 77BE07A017FEF241002748D9 /* SenTestingKit.framework */; };
		77BE07A217FEF241002748D9 /* Cocoa.framework in Frameworks */ = {isa = PBXBuildFile; fileRef = 77BE078217FEF240002748D9 /* Cocoa.framework */; };
		77BE07AA17FEF241002748D9 /* InfoPlist.strings in Resources */ = {isa = PBXBuildFile; fileRef = 77BE07A817FEF241002748D9 /* InfoPlist.strings */; };
		77BE07AD17FEF241002748D9 /* LADSliderTests.m in Sources */ = {isa = PBXBuildFile; fileRef = 77BE07AC17FEF241002748D9 /* LADSliderTests.m */; };
/* End PBXBuildFile section */

/* Begin PBXContainerItemProxy section */
		77BE07A317FEF241002748D9 /* PBXContainerItemProxy */ = {
			isa = PBXContainerItemProxy;
			containerPortal = 77BE077717FEF240002748D9 /* Project object */;
			proxyType = 1;
			remoteGlobalIDString = 77BE077E17FEF240002748D9;
			remoteInfo = LADSlider;
		};
/* End PBXContainerItemProxy section */

/* Begin PBXFileReference section */
		77BE077F17FEF240002748D9 /* LADSlider.app */ = {isa = PBXFileReference; explicitFileType = wrapper.application; includeInIndex = 0; path = LADSlider.app; sourceTree = BUILT_PRODUCTS_DIR; };
		77BE078217FEF240002748D9 /* Cocoa.framework */ = {isa = PBXFileReference; lastKnownFileType = wrapper.framework; name = Cocoa.framework; path = System/Library/Frameworks/Cocoa.framework; sourceTree = SDKROOT; };
		77BE078517FEF240002748D9 /* AppKit.framework */ = {isa = PBXFileReference; lastKnownFileType = wrapper.framework; name = AppKit.framework; path = System/Library/Frameworks/AppKit.framework; sourceTree = SDKROOT; };
		77BE078617FEF240002748D9 /* CoreData.framework */ = {isa = PBXFileReference; lastKnownFileType = wrapper.framework; name = CoreData.framework; path = System/Library/Frameworks/CoreData.framework; sourceTree = SDKROOT; };
		77BE078717FEF240002748D9 /* Foundation.framework */ = {isa = PBXFileReference; lastKnownFileType = wrapper.framework; name = Foundation.framework; path = System/Library/Frameworks/Foundation.framework; sourceTree = SDKROOT; };
		77BE078A17FEF240002748D9 /* LADSlider-Info.plist */ = {isa = PBXFileReference; lastKnownFileType = text.plist.xml; path = "LADSlider-Info.plist"; sourceTree = "<group>"; };
		77BE078C17FEF240002748D9 /* en */ = {isa = PBXFileReference; lastKnownFileType = text.plist.strings; name = en; path = en.lproj/InfoPlist.strings; sourceTree = "<group>"; };
		77BE078E17FEF240002748D9 /* main.m */ = {isa = PBXFileReference; lastKnownFileType = sourcecode.c.objc; path = main.m; sourceTree = "<group>"; };
		77BE079017FEF240002748D9 /* LADSlider-Prefix.pch */ = {isa = PBXFileReference; lastKnownFileType = sourcecode.c.h; path = "LADSlider-Prefix.pch"; sourceTree = "<group>"; };
		77BE079217FEF240002748D9 /* en */ = {isa = PBXFileReference; lastKnownFileType = text.rtf; name = en; path = en.lproj/Credits.rtf; sourceTree = "<group>"; };
		77BE079417FEF240002748D9 /* LADAppDelegate.h */ = {isa = PBXFileReference; lastKnownFileType = sourcecode.c.h; path = LADAppDelegate.h; sourceTree = "<group>"; };
		77BE079517FEF240002748D9 /* LADAppDelegate.m */ = {isa = PBXFileReference; lastKnownFileType = sourcecode.c.objc; path = LADAppDelegate.m; sourceTree = "<group>"; };
		77BE079817FEF241002748D9 /* en */ = {isa = PBXFileReference; lastKnownFileType = file.xib; name = en; path = en.lproj/MainMenu.xib; sourceTree = "<group>"; };
		77BE079F17FEF241002748D9 /* LADSliderTests.octest */ = {isa = PBXFileReference; explicitFileType = wrapper.cfbundle; includeInIndex = 0; path = LADSliderTests.octest; sourceTree = BUILT_PRODUCTS_DIR; };
		77BE07A017FEF241002748D9 /* SenTestingKit.framework */ = {isa = PBXFileReference; lastKnownFileType = wrapper.framework; name = SenTestingKit.framework; path = Library/Frameworks/SenTestingKit.framework; sourceTree = DEVELOPER_DIR; };
		77BE07A717FEF241002748D9 /* LADSliderTests-Info.plist */ = {isa = PBXFileReference; lastKnownFileType = text.plist.xml; path = "LADSliderTests-Info.plist"; sourceTree = "<group>"; };
		77BE07A917FEF241002748D9 /* en */ = {isa = PBXFileReference; lastKnownFileType = text.plist.strings; name = en; path = en.lproj/InfoPlist.strings; sourceTree = "<group>"; };
		77BE07AB17FEF241002748D9 /* LADSliderTests.h */ = {isa = PBXFileReference; lastKnownFileType = sourcecode.c.h; path = LADSliderTests.h; sourceTree = "<group>"; };
		77BE07AC17FEF241002748D9 /* LADSliderTests.m */ = {isa = PBXFileReference; lastKnownFileType = sourcecode.c.objc; path = LADSliderTests.m; sourceTree = "<group>"; };
/* End PBXFileReference section */

/* Begin PBXFrameworksBuildPhase section */
		77BE077C17FEF240002748D9 /* Frameworks */ = {
			isa = PBXFrameworksBuildPhase;
			buildActionMask = 2147483647;
			files = (
				77BE078317FEF240002748D9 /* Cocoa.framework in Frameworks */,
			);
			runOnlyForDeploymentPostprocessing = 0;
		};
		77BE079B17FEF241002748D9 /* Frameworks */ = {
			isa = PBXFrameworksBuildPhase;
			buildActionMask = 2147483647;
			files = (
				77BE07A117FEF241002748D9 /* SenTestingKit.framework in Frameworks */,
				77BE07A217FEF241002748D9 /* Cocoa.framework in Frameworks */,
			);
			runOnlyForDeploymentPostprocessing = 0;
		};
/* End PBXFrameworksBuildPhase section */

/* Begin PBXGroup section */
		77BE077617FEF240002748D9 = {
			isa = PBXGroup;
			children = (
				77BE078817FEF240002748D9 /* LADSlider */,
				77BE07A517FEF241002748D9 /* LADSliderTests */,
				77BE078117FEF240002748D9 /* Frameworks */,
				77BE078017FEF240002748D9 /* Products */,
			);
			sourceTree = "<group>";
		};
		77BE078017FEF240002748D9 /* Products */ = {
			isa = PBXGroup;
			children = (
				77BE077F17FEF240002748D9 /* LADSlider.app */,
				77BE079F17FEF241002748D9 /* LADSliderTests.octest */,
			);
			name = Products;
			sourceTree = "<group>";
		};
		77BE078117FEF240002748D9 /* Frameworks */ = {
			isa = PBXGroup;
			children = (
				77BE078217FEF240002748D9 /* Cocoa.framework */,
				77BE07A017FEF241002748D9 /* SenTestingKit.framework */,
				77BE078417FEF240002748D9 /* Other Frameworks */,
			);
			name = Frameworks;
			sourceTree = "<group>";
		};
		77BE078417FEF240002748D9 /* Other Frameworks */ = {
			isa = PBXGroup;
			children = (
				77BE078517FEF240002748D9 /* AppKit.framework */,
				77BE078617FEF240002748D9 /* CoreData.framework */,
				77BE078717FEF240002748D9 /* Foundation.framework */,
			);
			name = "Other Frameworks";
			sourceTree = "<group>";
		};
		77BE078817FEF240002748D9 /* LADSlider */ = {
			isa = PBXGroup;
			children = (
				77BE079417FEF240002748D9 /* LADAppDelegate.h */,
				77BE079517FEF240002748D9 /* LADAppDelegate.m */,
				77BE079717FEF241002748D9 /* MainMenu.xib */,
				77BE078917FEF240002748D9 /* Supporting Files */,
			);
			path = LADSlider;
			sourceTree = "<group>";
		};
		77BE078917FEF240002748D9 /* Supporting Files */ = {
			isa = PBXGroup;
			children = (
				77BE078A17FEF240002748D9 /* LADSlider-Info.plist */,
				77BE078B17FEF240002748D9 /* InfoPlist.strings */,
				77BE078E17FEF240002748D9 /* main.m */,
				77BE079017FEF240002748D9 /* LADSlider-Prefix.pch */,
				77BE079117FEF240002748D9 /* Credits.rtf */,
			);
			name = "Supporting Files";
			sourceTree = "<group>";
		};
		77BE07A517FEF241002748D9 /* LADSliderTests */ = {
			isa = PBXGroup;
			children = (
				77BE07AB17FEF241002748D9 /* LADSliderTests.h */,
				77BE07AC17FEF241002748D9 /* LADSliderTests.m */,
				77BE07A617FEF241002748D9 /* Supporting Files */,
			);
			path = LADSliderTests;
			sourceTree = "<group>";
		};
		77BE07A617FEF241002748D9 /* Supporting Files */ = {
			isa = PBXGroup;
			children = (
				77BE07A717FEF241002748D9 /* LADSliderTests-Info.plist */,
				77BE07A817FEF241002748D9 /* InfoPlist.strings */,
			);
			name = "Supporting Files";
			sourceTree = "<group>";
		};
/* End PBXGroup section */

/* Begin PBXNativeTarget section */
		77BE077E17FEF240002748D9 /* LADSlider */ = {
			isa = PBXNativeTarget;
			buildConfigurationList = 77BE07B017FEF241002748D9 /* Build configuration list for PBXNativeTarget "LADSlider" */;
			buildPhases = (
				77BE077B17FEF240002748D9 /* Sources */,
				77BE077C17FEF240002748D9 /* Frameworks */,
				77BE077D17FEF240002748D9 /* Resources */,
			);
			buildRules = (
			);
			dependencies = (
			);
			name = LADSlider;
			productName = LADSlider;
			productReference = 77BE077F17FEF240002748D9 /* LADSlider.app */;
			productType = "com.apple.product-type.application";
		};
		77BE079E17FEF241002748D9 /* LADSliderTests */ = {
			isa = PBXNativeTarget;
			buildConfigurationList = 77BE07B317FEF241002748D9 /* Build configuration list for PBXNativeTarget "LADSliderTests" */;
			buildPhases = (
				77BE079A17FEF241002748D9 /* Sources */,
				77BE079B17FEF241002748D9 /* Frameworks */,
				77BE079C17FEF241002748D9 /* Resources */,
				77BE079D17FEF241002748D9 /* ShellScript */,
			);
			buildRules = (
			);
			dependencies = (
				77BE07A417FEF241002748D9 /* PBXTargetDependency */,
			);
			name = LADSliderTests;
			productName = LADSliderTests;
			productReference = 77BE079F17FEF241002748D9 /* LADSliderTests.octest */;
			productType = "com.apple.product-type.bundle";
		};
/* End PBXNativeTarget section */

/* Begin PBXProject section */
		77BE077717FEF240002748D9 /* Project object */ = {
			isa = PBXProject;
			attributes = {
				CLASSPREFIX = LAD;
				LastUpgradeCheck = 0460;
				ORGANIZATIONNAME = "Alexander Lapshin";
			};
			buildConfigurationList = 77BE077A17FEF240002748D9 /* Build configuration list for PBXProject "LADSlider" */;
			compatibilityVersion = "Xcode 3.2";
			developmentRegion = English;
			hasScannedForEncodings = 0;
			knownRegions = (
				en,
			);
			mainGroup = 77BE077617FEF240002748D9;
			productRefGroup = 77BE078017FEF240002748D9 /* Products */;
			projectDirPath = "";
			projectRoot = "";
			targets = (
				77BE077E17FEF240002748D9 /* LADSlider */,
				77BE079E17FEF241002748D9 /* LADSliderTests */,
			);
		};
/* End PBXProject section */

/* Begin PBXResourcesBuildPhase section */
		77BE077D17FEF240002748D9 /* Resources */ = {
			isa = PBXResourcesBuildPhase;
			buildActionMask = 2147483647;
			files = (
				77BE078D17FEF240002748D9 /* InfoPlist.strings in Resources */,
				77BE079317FEF240002748D9 /* Credits.rtf in Resources */,
				77BE079917FEF241002748D9 /* MainMenu.xib in Resources */,
			);
			runOnlyForDeploymentPostprocessing = 0;
		};
		77BE079C17FEF241002748D9 /* Resources */ = {
			isa = PBXResourcesBuildPhase;
			buildActionMask = 2147483647;
			files = (
				77BE07AA17FEF241002748D9 /* InfoPlist.strings in Resources */,
			);
			runOnlyForDeploymentPostprocessing = 0;
		};
/* End PBXResourcesBuildPhase section */

/* Begin PBXShellScriptBuildPhase section */
		77BE079D17FEF241002748D9 /* ShellScript */ = {
			isa = PBXShellScriptBuildPhase;
			buildActionMask = 2147483647;
			files = (
			);
			inputPaths = (
			);
			outputPaths = (
			);
			runOnlyForDeploymentPostprocessing = 0;
			shellPath = /bin/sh;
			shellScript = "# Run the unit tests in this test bundle.\n\"${SYSTEM_DEVELOPER_DIR}/Tools/RunUnitTests\"\n";
		};
/* End PBXShellScriptBuildPhase section */

/* Begin PBXSourcesBuildPhase section */
		77BE077B17FEF240002748D9 /* Sources */ = {
			isa = PBXSourcesBuildPhase;
			buildActionMask = 2147483647;
			files = (
				77BE078F17FEF240002748D9 /* main.m in Sources */,
				77BE079617FEF240002748D9 /* LADAppDelegate.m in Sources */,
			);
			runOnlyForDeploymentPostprocessing = 0;
		};
		77BE079A17FEF241002748D9 /* Sources */ = {
			isa = PBXSourcesBuildPhase;
			buildActionMask = 2147483647;
			files = (
				77BE07AD17FEF241002748D9 /* LADSliderTests.m in Sources */,
			);
			runOnlyForDeploymentPostprocessing = 0;
		};
/* End PBXSourcesBuildPhase section */

/* Begin PBXTargetDependency section */
		77BE07A417FEF241002748D9 /* PBXTargetDependency */ = {
			isa = PBXTargetDependency;
			target = 77BE077E17FEF240002748D9 /* LADSlider */;
			targetProxy = 77BE07A317FEF241002748D9 /* PBXContainerItemProxy */;
		};
/* End PBXTargetDependency section */

/* Begin PBXVariantGroup section */
		77BE078B17FEF240002748D9 /* InfoPlist.strings */ = {
			isa = PBXVariantGroup;
			children = (
				77BE078C17FEF240002748D9 /* en */,
			);
			name = InfoPlist.strings;
			sourceTree = "<group>";
		};
		77BE079117FEF240002748D9 /* Credits.rtf */ = {
			isa = PBXVariantGroup;
			children = (
				77BE079217FEF240002748D9 /* en */,
			);
			name = Credits.rtf;
			sourceTree = "<group>";
		};
		77BE079717FEF241002748D9 /* MainMenu.xib */ = {
			isa = PBXVariantGroup;
			children = (
				77BE079817FEF241002748D9 /* en */,
			);
			name = MainMenu.xib;
			sourceTree = "<group>";
		};
		77BE07A817FEF241002748D9 /* InfoPlist.strings */ = {
			isa = PBXVariantGroup;
			children = (
				77BE07A917FEF241002748D9 /* en */,
			);
			name = InfoPlist.strings;
			sourceTree = "<group>";
		};
/* End PBXVariantGroup section */

/* Begin XCBuildConfiguration section */
		77BE07AE17FEF241002748D9 /* Debug */ = {
			isa = XCBuildConfiguration;
			buildSettings = {
				ALWAYS_SEARCH_USER_PATHS = NO;
				ARCHS = "$(ARCHS_STANDARD_64_BIT)";
				CLANG_CXX_LANGUAGE_STANDARD = "gnu++0x";
				CLANG_CXX_LIBRARY = "libc++";
				CLANG_ENABLE_OBJC_ARC = YES;
				CLANG_WARN_CONSTANT_CONVERSION = YES;
				CLANG_WARN_EMPTY_BODY = YES;
				CLANG_WARN_ENUM_CONVERSION = YES;
				CLANG_WARN_INT_CONVERSION = YES;
				CLANG_WARN__DUPLICATE_METHOD_MATCH = YES;
				COPY_PHASE_STRIP = NO;
				GCC_C_LANGUAGE_STANDARD = gnu99;
				GCC_DYNAMIC_NO_PIC = NO;
				GCC_ENABLE_OBJC_EXCEPTIONS = YES;
				GCC_OPTIMIZATION_LEVEL = 0;
				GCC_PREPROCESSOR_DEFINITIONS = (
					"DEBUG=1",
					"$(inherited)",
				);
				GCC_SYMBOLS_PRIVATE_EXTERN = NO;
				GCC_WARN_64_TO_32_BIT_CONVERSION = YES;
				GCC_WARN_ABOUT_RETURN_TYPE = YES;
				GCC_WARN_UNINITIALIZED_AUTOS = YES;
				GCC_WARN_UNUSED_VARIABLE = YES;
				MACOSX_DEPLOYMENT_TARGET = 10.7;
				ONLY_ACTIVE_ARCH = YES;
				SDKROOT = macosx;
			};
			name = Debug;
		};
		77BE07AF17FEF241002748D9 /* Release */ = {
			isa = XCBuildConfiguration;
			buildSettings = {
				ALWAYS_SEARCH_USER_PATHS = NO;
				ARCHS = "$(ARCHS_STANDARD_64_BIT)";
				CLANG_CXX_LANGUAGE_STANDARD = "gnu++0x";
				CLANG_CXX_LIBRARY = "libc++";
				CLANG_ENABLE_OBJC_ARC = YES;
				CLANG_WARN_CONSTANT_CONVERSION = YES;
				CLANG_WARN_EMPTY_BODY = YES;
				CLANG_WARN_ENUM_CONVERSION = YES;
				CLANG_WARN_INT_CONVERSION = YES;
				CLANG_WARN__DUPLICATE_METHOD_MATCH = YES;
				COPY_PHASE_STRIP = YES;
				DEBUG_INFORMATION_FORMAT = "dwarf-with-dsym";
				GCC_C_LANGUAGE_STANDARD = gnu99;
				GCC_ENABLE_OBJC_EXCEPTIONS = YES;
				GCC_WARN_64_TO_32_BIT_CONVERSION = YES;
				GCC_WARN_ABOUT_RETURN_TYPE = YES;
				GCC_WARN_UNINITIALIZED_AUTOS = YES;
				GCC_WARN_UNUSED_VARIABLE = YES;
				MACOSX_DEPLOYMENT_TARGET = 10.7;
				SDKROOT = macosx;
			};
			name = Release;
		};
		77BE07B117FEF241002748D9 /* Debug */ = {
			isa = XCBuildConfiguration;
			buildSettings = {
				COMBINE_HIDPI_IMAGES = YES;
				GCC_PRECOMPILE_PREFIX_HEADER = YES;
				GCC_PREFIX_HEADER = "LADSlider/LADSlider-Prefix.pch";
				INFOPLIST_FILE = "LADSlider/LADSlider-Info.plist";
				PRODUCT_NAME = "$(TARGET_NAME)";
				WRAPPER_EXTENSION = app;
			};
			name = Debug;
		};
		77BE07B217FEF241002748D9 /* Release */ = {
			isa = XCBuildConfiguration;
			buildSettings = {
				COMBINE_HIDPI_IMAGES = YES;
				GCC_PRECOMPILE_PREFIX_HEADER = YES;
				GCC_PREFIX_HEADER = "LADSlider/LADSlider-Prefix.pch";
				INFOPLIST_FILE = "LADSlider/LADSlider-Info.plist";
				PRODUCT_NAME = "$(TARGET_NAME)";
				WRAPPER_EXTENSION = app;
			};
			name = Release;
		};
		77BE07B417FEF241002748D9 /* Debug */ = {
			isa = XCBuildConfiguration;
			buildSettings = {
				BUNDLE_LOADER = "$(BUILT_PRODUCTS_DIR)/LADSlider.app/Contents/MacOS/LADSlider";
				COMBINE_HIDPI_IMAGES = YES;
				FRAMEWORK_SEARCH_PATHS = "\"$(DEVELOPER_LIBRARY_DIR)/Frameworks\"";
				GCC_PRECOMPILE_PREFIX_HEADER = YES;
				GCC_PREFIX_HEADER = "LADSlider/LADSlider-Prefix.pch";
				INFOPLIST_FILE = "LADSliderTests/LADSliderTests-Info.plist";
				PRODUCT_NAME = "$(TARGET_NAME)";
				TEST_HOST = "$(BUNDLE_LOADER)";
				WRAPPER_EXTENSION = octest;
			};
			name = Debug;
		};
		77BE07B517FEF241002748D9 /* Release */ = {
			isa = XCBuildConfiguration;
			buildSettings = {
				BUNDLE_LOADER = "$(BUILT_PRODUCTS_DIR)/LADSlider.app/Contents/MacOS/LADSlider";
				COMBINE_HIDPI_IMAGES = YES;
				FRAMEWORK_SEARCH_PATHS = "\"$(DEVELOPER_LIBRARY_DIR)/Frameworks\"";
				GCC_PRECOMPILE_PREFIX_HEADER = YES;
				GCC_PREFIX_HEADER = "LADSlider/LADSlider-Prefix.pch";
				INFOPLIST_FILE = "LADSliderTests/LADSliderTests-Info.plist";
				PRODUCT_NAME = "$(TARGET_NAME)";
				TEST_HOST = "$(BUNDLE_LOADER)";
				WRAPPER_EXTENSION = octest;
			};
			name = Release;
		};
/* End XCBuildConfiguration section */

/* Begin XCConfigurationList section */
		77BE077A17FEF240002748D9 /* Build configuration list for PBXProject "LADSlider" */ = {
			isa = XCConfigurationList;
			buildConfigurations = (
				77BE07AE17FEF241002748D9 /* Debug */,
				77BE07AF17FEF241002748D9 /* Release */,
			);
			defaultConfigurationIsVisible = 0;
			defaultConfigurationName = Release;
		};
		77BE07B017FEF241002748D9 /* Build configuration list for PBXNativeTarget "LADSlider" */ = {
			isa = XCConfigurationList;
			buildConfigurations = (
				77BE07B117FEF241002748D9 /* Debug */,
				77BE07B217FEF241002748D9 /* Release */,
			);
			defaultConfigurationIsVisible = 0;
		};
		77BE07B317FEF241002748D9 /* Build configuration list for PBXNativeTarget "LADSliderTests" */ = {
			isa = XCConfigurationList;
			buildConfigurations = (
				77BE07B417FEF241002748D9 /* Debug */,
				77BE07B517FEF241002748D9 /* Release */,
			);
			defaultConfigurationIsVisible = 0;
		};
/* End XCConfigurationList section */
	};
	rootObject = 77BE077717FEF240002748D9 /* Project object */;
}
